
Microsoft Visual Studio Solution File, Format Version 11.00
# Visual Studio 2010
Project("{FAE04EC0-301F-11D3-BF4B-00C04F79EFBC}") = "Assembly-CSharp", "Assembly-CSharp.csproj", "{4C5E8FCC-C63D-E4A7-6ADB-833C2FBED916}"
EndProject
Project("{FAE04EC0-301F-11D3-BF4B-00C04F79EFBC}") = "Assembly-CSharp-firstpass", "Assembly-CSharp-firstpass.csproj", "{15F70A1C-3454-2CBC-7763-4D349BE8BED2}"
EndProject
Global
	GlobalSection(SolutionConfigurationPlatforms) = preSolution
		Debug|Any CPU = Debug|Any CPU
		Release|Any CPU = Release|Any CPU
	EndGlobalSection
	GlobalSection(ProjectConfigurationPlatforms) = postSolution
		{4C5E8FCC-C63D-E4A7-6ADB-833C2FBED916}.Debug|Any CPU.ActiveCfg = Debug|Any CPU
		{4C5E8FCC-C63D-E4A7-6ADB-833C2FBED916}.Debug|Any CPU.Build.0 = Debug|Any CPU
		{4C5E8FCC-C63D-E4A7-6ADB-833C2FBED916}.Release|Any CPU.ActiveCfg = Release|Any CPU
		{4C5E8FCC-C63D-E4A7-6ADB-833C2FBED916}.Release|Any CPU.Build.0 = Release|Any CPU
		{15F70A1C-3454-2CBC-7763-4D349BE8BED2}.Debug|Any CPU.ActiveCfg = Debug|Any CPU
		{15F70A1C-3454-2CBC-7763-4D349BE8BED2}.Debug|Any CPU.Build.0 = Debug|Any CPU
		{15F70A1C-3454-2CBC-7763-4D349BE8BED2}.Release|Any CPU.ActiveCfg = Release|Any CPU
		{15F70A1C-3454-2CBC-7763-4D349BE8BED2}.Release|Any CPU.Build.0 = Release|Any CPU
	EndGlobalSection
	GlobalSection(SolutionProperties) = preSolution
		HideSolutionNode = FALSE
	EndGlobalSection
EndGlobal
