
Microsoft Visual Studio Solution File, Format Version 12.00
# Visual Studio 2012
Project("{8BC9CEB9-8B4A-11D0-8D11-00A0C91BC942}") = "Parse.Unity", "Parse.Unity.dll", "{BC3AE86B-3E7E-421D-837A-23C5A7F34FC8}"
	ProjectSection(MonoDevelopProperties) = preProject
		name = Parse.Unity
		Configurations = $0
		$0.Configuration = $1
		$1.name = Default
		$1.OutputPath = .\
		$1.ctype = ProjectConfiguration
	EndProjectSection
EndProject
Global
	GlobalSection(SolutionConfigurationPlatforms) = preSolution
		Default|Any CPU = Default|Any CPU
	EndGlobalSection
	GlobalSection(ProjectConfigurationPlatforms) = postSolution
		{BC3AE86B-3E7E-421D-837A-23C5A7F34FC8}.Default|Any CPU.ActiveCfg = Default|Any CPU
		{BC3AE86B-3E7E-421D-837A-23C5A7F34FC8}.Default|Any CPU.Build.0 = Default|Any CPU
	EndGlobalSection
EndGlobal
